
Microsoft Visual Studio Solution File, Format Version 12.00
# Visual Studio Version 17
VisualStudioVersion = 17.14.36623.8
MinimumVisualStudioVersion = 10.0.40219.1
Project("{FAE04EC0-301F-11D3-BF4B-00C04F79EFBC}") = "SimilarityChecker.Api", "SimilarityChecker.Api\SimilarityChecker.Api.csproj", "{ECF331F0-4051-4F84-844A-52D02A721148}"
EndProject
Project("{FAE04EC0-301F-11D3-BF4B-00C04F79EFBC}") = "SimilarityChecker.UI", "SimilarityChecker.UI\SimilarityChecker.UI.csproj", "{5D23A51C-55FA-46B5-BBA7-763E932782BC}"
EndProject
Project("{FAE04EC0-301F-11D3-BF4B-00C04F79EFBC}") = "SimilarityChecker.Shared", "SimilarityChecker.Shared\SimilarityChecker.Shared.csproj", "{FC7F09CB-5492-4E3F-80D0-979C1305E245}"
EndProject
Global
	GlobalSection(SolutionConfigurationPlatforms) = preSolution
		Debug|Any CPU = Debug|Any CPU
		Release|Any CPU = Release|Any CPU
	EndGlobalSection
	GlobalSection(ProjectConfigurationPlatforms) = postSolution
		{ECF331F0-4051-4F84-844A-52D02A721148}.Debug|Any CPU.ActiveCfg = Debug|Any CPU
		{ECF331F0-4051-4F84-844A-52D02A721148}.Debug|Any CPU.Build.0 = Debug|Any CPU
		{ECF331F0-4051-4F84-844A-52D02A721148}.Release|Any CPU.ActiveCfg = Release|Any CPU
		{ECF331F0-4051-4F84-844A-52D02A721148}.Release|Any CPU.Build.0 = Release|Any CPU
		{5D23A51C-55FA-46B5-BBA7-763E932782BC}.Debug|Any CPU.ActiveCfg = Debug|Any CPU
		{5D23A51C-55FA-46B5-BBA7-763E932782BC}.Debug|Any CPU.Build.0 = Debug|Any CPU
		{5D23A51C-55FA-46B5-BBA7-763E932782BC}.Release|Any CPU.ActiveCfg = Release|Any CPU
		{5D23A51C-55FA-46B5-BBA7-763E932782BC}.Release|Any CPU.Build.0 = Release|Any CPU
		{FC7F09CB-5492-4E3F-80D0-979C1305E245}.Debug|Any CPU.ActiveCfg = Debug|Any CPU
		{FC7F09CB-5492-4E3F-80D0-979C1305E245}.Debug|Any CPU.Build.0 = Debug|Any CPU
		{FC7F09CB-5492-4E3F-80D0-979C1305E245}.Release|Any CPU.ActiveCfg = Release|Any CPU
		{FC7F09CB-5492-4E3F-80D0-979C1305E245}.Release|Any CPU.Build.0 = Release|Any CPU
	EndGlobalSection
	GlobalSection(SolutionProperties) = preSolution
		HideSolutionNode = FALSE
	EndGlobalSection
	GlobalSection(ExtensibilityGlobals) = postSolution
		SolutionGuid = {16A9B09F-F8D4-4792-BA32-A10648FD96AC}
	EndGlobalSection
EndGlobal
